# -------------------------------------------------------------------------- #
#
# Copyright (C) 2017  Intel Corporation. All rights reserved.
# Your use of Intel Corporation's design tools, logic functions 
# and other software and tools, and its AMPP partner logic 
# functions, and any output files from any of the foregoing 
# (including device programming or simulation files), and any 
# associated documentation or information are expressly subject 
# to the terms and conditions of the Intel Program License 
# Subscription Agreement, the Intel Quartus Prime License Agreement,
# the Intel MegaCore Function License Agreement, or other 
# applicable license agreement, including, without limitation, 
# that your use is for the sole purpose of programming logic 
# devices manufactured by Intel and sold by Intel or its 
# authorized distributors.  Please refer to the applicable 
# agreement for further details.
#
# -------------------------------------------------------------------------- #
#
# Quartus Prime
# Version 17.0.0 Build 595 04/25/2017 SJ Standard Edition
# Date created = 04:39:26  September 01, 2019
#
# -------------------------------------------------------------------------- #
#
# Notes:
#
# 1) The default values for assignments are stored in the file:
#		vgadisplay_demo_assignment_defaults.qdf
#    If this file doesn't exist, see file:
#		assignment_defaults.qdf
#
# 2) Altera recommends that you do not modify this file. This
#    file is updated automatically by the Quartus Prime software
#    and any changes you make may be lost or overwritten.
#
# -------------------------------------------------------------------------- #


set_global_assignment -name FAMILY "Cyclone IV E"
set_global_assignment -name DEVICE EP4CE15F17C8
set_global_assignment -name TOP_LEVEL_ENTITY vga_module
set_global_assignment -name ORIGINAL_QUARTUS_VERSION 17.0.0
set_global_assignment -name PROJECT_CREATION_TIME_DATE "04:39:26  SEPTEMBER 01, 2019"
set_global_assignment -name LAST_QUARTUS_VERSION "17.0.0 Standard Edition"
set_global_assignment -name MIN_CORE_JUNCTION_TEMP 0
set_global_assignment -name MAX_CORE_JUNCTION_TEMP 85
set_global_assignment -name ENABLE_OCT_DONE OFF
set_global_assignment -name ENABLE_CONFIGURATION_PINS OFF
set_global_assignment -name ENABLE_BOOT_SEL_PIN OFF
set_global_assignment -name STRATIXV_CONFIGURATION_SCHEME "PASSIVE SERIAL"
set_global_assignment -name USE_CONFIGURATION_DEVICE ON
set_global_assignment -name CRC_ERROR_OPEN_DRAIN ON
set_global_assignment -name OUTPUT_IO_TIMING_NEAR_END_VMEAS "HALF VCCIO" -rise
set_global_assignment -name OUTPUT_IO_TIMING_NEAR_END_VMEAS "HALF VCCIO" -fall
set_global_assignment -name OUTPUT_IO_TIMING_FAR_END_VMEAS "HALF SIGNAL SWING" -rise
set_global_assignment -name OUTPUT_IO_TIMING_FAR_END_VMEAS "HALF SIGNAL SWING" -fall
set_global_assignment -name POWER_PRESET_COOLING_SOLUTION "23 MM HEAT SINK WITH 200 LFPM AIRFLOW"
set_global_assignment -name POWER_BOARD_THERMAL_MODEL "NONE (CONSERVATIVE)"
set_global_assignment -name TIMEQUEST_MULTICORNER_ANALYSIS ON
set_global_assignment -name PROJECT_OUTPUT_DIRECTORY "F:\\FILE\\FPGA\\FPGA_Interface\\06_Display\\12_VGADisplay\\src\\Simple_VGA_Display\\04-vga_module_pic_color\\out"
set_global_assignment -name PARTITION_NETLIST_TYPE SOURCE -section_id Top
set_global_assignment -name PARTITION_FITTER_PRESERVATION_LEVEL PLACEMENT_AND_ROUTING -section_id Top
set_global_assignment -name PARTITION_COLOR 16764057 -section_id Top
set_global_assignment -name RESERVE_ALL_UNUSED_PINS "AS INPUT TRI-STATED"
set_global_assignment -name ENABLE_INIT_DONE_OUTPUT OFF
set_location_assignment PIN_M1 -to RSTn
set_location_assignment PIN_R9 -to CLK
set_location_assignment PIN_E6 -to Green_Sig
set_location_assignment PIN_D5 -to Blue_Sig
set_location_assignment PIN_C6 -to Red_Sig
set_location_assignment PIN_D3 -to HSYNC_Sig
set_location_assignment PIN_C3 -to VSYNC_Sig
set_global_assignment -name RESERVE_ALL_UNUSED_PINS_NO_OUTPUT_GND "AS INPUT TRI-STATED"
set_global_assignment -name VERILOG_FILE ../src/vga_module.v
set_global_assignment -name VERILOG_FILE ../src/vga_control_module.v
set_global_assignment -name VERILOG_FILE ../src/sync_module.v
set_global_assignment -name VERILOG_FILE ../src/rom_module.v
set_global_assignment -name QIP_FILE ../src/red_rom_module.qip
set_global_assignment -name VERILOG_FILE ../src/pll_module.v
set_global_assignment -name QIP_FILE ../src/green_rom_module.qip
set_global_assignment -name QIP_FILE ../src/blue_rom_module.qip
set_global_assignment -name TCL_SCRIPT_FILE ../tcl/osh.tcl
set_instance_assignment -name PARTITION_HIERARCHY root_partition -to | -section_id Top
set_global_assignment -name CDF_FILE ../out/Chain1.cdf