# -------------------------------------------------------------------------- #
#
# Copyright (C) 2017  Intel Corporation. All rights reserved.
# Your use of Intel Corporation's design tools, logic functions 
# and other software and tools, and its AMPP partner logic 
# functions, and any output files from any of the foregoing 
# (including device programming or simulation files), and any 
# associated documentation or information are expressly subject 
# to the terms and conditions of the Intel Program License 
# Subscription Agreement, the Intel Quartus Prime License Agreement,
# the Intel MegaCore Function License Agreement, or other 
# applicable license agreement, including, without limitation, 
# that your use is for the sole purpose of programming logic 
# devices manufactured by Intel and sold by Intel or its 
# authorized distributors.  Please refer to the applicable 
# agreement for further details.
#
# -------------------------------------------------------------------------- #
#
# Quartus Prime
# Version 17.0.0 Build 595 04/25/2017 SJ Standard Edition
# Date created = 21:49:47  June 18, 2019
#
# -------------------------------------------------------------------------- #
#
# Notes:
#
# 1) The default values for assignments are stored in the file:
#		PS2_MOUSE_assignment_defaults.qdf
#    If this file doesn't exist, see file:
#		assignment_defaults.qdf
#
# 2) Altera recommends that you do not modify this file. This
#    file is updated automatically by the Quartus Prime software
#    and any changes you make may be lost or overwritten.
#
# -------------------------------------------------------------------------- #


set_global_assignment -name FAMILY "Cyclone IV E"
set_global_assignment -name DEVICE EP4CE15F17C8
set_global_assignment -name TOP_LEVEL_ENTITY ps2_testmodule
set_global_assignment -name ORIGINAL_QUARTUS_VERSION 17.0.0
set_global_assignment -name PROJECT_CREATION_TIME_DATE "21:49:47  JUNE 18, 2019"
set_global_assignment -name LAST_QUARTUS_VERSION "17.0.0 Standard Edition"
set_global_assignment -name MIN_CORE_JUNCTION_TEMP 0
set_global_assignment -name MAX_CORE_JUNCTION_TEMP 85
set_global_assignment -name VERILOG_FILE ../src/TestModule/smg_basemod/smg_interface.v
set_global_assignment -name VERILOG_FILE ../src/TestModule/smg_basemod/smg_funcmod.v
set_global_assignment -name VERILOG_FILE ../src/TestModule/smg_basemod/smg_encode_immdmod.v
set_global_assignment -name VERILOG_FILE ../src/TestModule/smg_basemod/smg_basemod.v
set_global_assignment -name VERILOG_FILE ../src/TestModule/ps2_testmodule.v
set_global_assignment -name VERILOG_FILE ../src/PS2_MOUSE/ps2mouse_basemod.v
set_global_assignment -name VERILOG_FILE ../src/PS2_MOUSE/ps2_read_funcmod.v
set_global_assignment -name VERILOG_FILE ../src/PS2_MOUSE/ps2_init_funcmod.v
set_global_assignment -name POWER_PRESET_COOLING_SOLUTION "23 MM HEAT SINK WITH 200 LFPM AIRFLOW"
set_global_assignment -name POWER_BOARD_THERMAL_MODEL "NONE (CONSERVATIVE)"
set_global_assignment -name TIMEQUEST_MULTICORNER_ANALYSIS ON
set_global_assignment -name PROJECT_OUTPUT_DIRECTORY "F:\\FILE\\FPGA\\FPGA_Interface\\05_InputOutput\\12_PS2_MOUSE_02\\out"
set_global_assignment -name PARTITION_NETLIST_TYPE SOURCE -section_id Top
set_global_assignment -name PARTITION_FITTER_PRESERVATION_LEVEL PLACEMENT_AND_ROUTING -section_id Top
set_global_assignment -name PARTITION_COLOR 16764057 -section_id Top
set_global_assignment -name TCL_SCRIPT_FILE ../tcl/PIN_ASSIGN.tcl
set_global_assignment -name RESERVE_ALL_UNUSED_PINS "AS INPUT TRI-STATED"
set_global_assignment -name ENABLE_INIT_DONE_OUTPUT OFF
set_location_assignment PIN_M1 -to RST_n
set_location_assignment PIN_R9 -to CLOCK
set_location_assignment PIN_E7 -to PS2_DAT
set_location_assignment PIN_D8 -to PS2_CLK
set_location_assignment PIN_J1 -to LED[0]
set_location_assignment PIN_J2 -to LED[1]
set_location_assignment PIN_K1 -to LED[2]
set_location_assignment PIN_K2 -to LED[3]
set_location_assignment PIN_M8 -to SMG_Data[0]
set_location_assignment PIN_L7 -to SMG_Data[1]
set_location_assignment PIN_P9 -to SMG_Data[2]
set_location_assignment PIN_N9 -to SMG_Data[3]
set_location_assignment PIN_M9 -to SMG_Data[4]
set_location_assignment PIN_M10 -to SMG_Data[5]
set_location_assignment PIN_P11 -to SMG_Data[6]
set_location_assignment PIN_N11 -to SMG_Data[7]
set_location_assignment PIN_N6 -to Scan_Sig[0]
set_location_assignment PIN_P6 -to Scan_Sig[1]
set_location_assignment PIN_M6 -to Scan_Sig[2]
set_location_assignment PIN_M7 -to Scan_Sig[3]
set_location_assignment PIN_P8 -to Scan_Sig[4]
set_location_assignment PIN_N8 -to Scan_Sig[5]
set_global_assignment -name CDF_FILE ../out/Chain1.cdf
set_global_assignment -name RESERVE_ALL_UNUSED_PINS_NO_OUTPUT_GND "AS INPUT TRI-STATED"
set_instance_assignment -name PARTITION_HIERARCHY root_partition -to | -section_id Top
set_global_assignment -name CDF_FILE ../out/Chain2.cdf