# -------------------------------------------------------------------------- #
#
# Copyright (C) 2017  Intel Corporation. All rights reserved.
# Your use of Intel Corporation's design tools, logic functions 
# and other software and tools, and its AMPP partner logic 
# functions, and any output files from any of the foregoing 
# (including device programming or simulation files), and any 
# associated documentation or information are expressly subject 
# to the terms and conditions of the Intel Program License 
# Subscription Agreement, the Intel Quartus Prime License Agreement,
# the Intel MegaCore Function License Agreement, or other 
# applicable license agreement, including, without limitation, 
# that your use is for the sole purpose of programming logic 
# devices manufactured by Intel and sold by Intel or its 
# authorized distributors.  Please refer to the applicable 
# agreement for further details.
#
# -------------------------------------------------------------------------- #
#
# Quartus Prime
# Version 17.0.0 Build 595 04/25/2017 SJ Standard Edition
# Date created = 20:14:30  July 09, 2019
#
# -------------------------------------------------------------------------- #
#
# Notes:
#
# 1) The default values for assignments are stored in the file:
#		oleddisplay_demo_assignment_defaults.qdf
#    If this file doesn't exist, see file:
#		assignment_defaults.qdf
#
# 2) Altera recommends that you do not modify this file. This
#    file is updated automatically by the Quartus Prime software
#    and any changes you make may be lost or overwritten.
#
# -------------------------------------------------------------------------- #


set_global_assignment -name FAMILY "Cyclone IV E"
set_global_assignment -name DEVICE EP4CE15F17C8
set_global_assignment -name TOP_LEVEL_ENTITY oled
set_global_assignment -name ORIGINAL_QUARTUS_VERSION 17.0.0
set_global_assignment -name PROJECT_CREATION_TIME_DATE "20:14:30  JULY 09, 2019"
set_global_assignment -name LAST_QUARTUS_VERSION "17.0.0 Standard Edition"
set_global_assignment -name MIN_CORE_JUNCTION_TEMP 0
set_global_assignment -name MAX_CORE_JUNCTION_TEMP 85
set_global_assignment -name POWER_PRESET_COOLING_SOLUTION "23 MM HEAT SINK WITH 200 LFPM AIRFLOW"
set_global_assignment -name POWER_BOARD_THERMAL_MODEL "NONE (CONSERVATIVE)"
set_global_assignment -name TIMEQUEST_MULTICORNER_ANALYSIS ON
set_global_assignment -name RESERVE_ALL_UNUSED_PINS "AS INPUT TRI-STATED"
set_global_assignment -name ENABLE_INIT_DONE_OUTPUT OFF
set_location_assignment PIN_M1 -to RST_n
set_location_assignment PIN_R9 -to CLOCK
set_location_assignment PIN_T7 -to SDA
set_location_assignment PIN_T10 -to SCL
set_location_assignment PIN_T7 -to OLED_SDA
set_location_assignment PIN_T10 -to OLED_SCL
set_global_assignment -name RESERVE_ALL_UNUSED_PINS_NO_OUTPUT_GND "AS INPUT TRI-STATED"
set_global_assignment -name EDA_SIMULATION_TOOL "ModelSim-Altera (Verilog)"
set_global_assignment -name EDA_TIME_SCALE "1 ns" -section_id eda_simulation
set_global_assignment -name EDA_OUTPUT_DATA_FORMAT "VERILOG HDL" -section_id eda_simulation
set_global_assignment -name EDA_TEST_BENCH_ENABLE_STATUS TEST_BENCH_MODE -section_id eda_simulation
set_global_assignment -name EDA_NATIVELINK_SIMULATION_TEST_BENCH write_data_module_tb -section_id eda_simulation
set_global_assignment -name EDA_TEST_BENCH_NAME write_data_module_tb -section_id eda_simulation
set_global_assignment -name EDA_DESIGN_INSTANCE_NAME NA -section_id write_data_module_tb
set_global_assignment -name EDA_TEST_BENCH_MODULE_NAME write_data_module_tb -section_id write_data_module_tb
set_global_assignment -name EDA_TEST_BENCH_FILE ../src/TestBench/write_data_module_tb.v -section_id write_data_module_tb
set_global_assignment -name PARTITION_NETLIST_TYPE SOURCE -section_id Top
set_global_assignment -name PARTITION_FITTER_PRESERVATION_LEVEL PLACEMENT_AND_ROUTING -section_id Top
set_global_assignment -name PARTITION_COLOR 16764057 -section_id Top
set_instance_assignment -name IO_STANDARD "3.3-V LVTTL" -to OLED_SDA
set_instance_assignment -name IO_STANDARD "3.3-V LVTTL" -to SDA
set_instance_assignment -name IO_STANDARD "3.3-V LVTTL" -to OLED_SCL
set_instance_assignment -name IO_STANDARD "3.3-V LVTTL" -to SCL
set_location_assignment PIN_T13 -to res_oled
set_location_assignment PIN_T14 -to spi_out[0]
set_location_assignment PIN_T15 -to spi_out[1]
set_location_assignment PIN_T12 -to spi_out[2]
set_location_assignment PIN_T11 -to spi_out[3]
set_global_assignment -name VERILOG_FILE ../src/OLED_Display/write_data_module.v
set_global_assignment -name VERILOG_FILE ../src/OLED_Display/write_data.v
set_global_assignment -name QIP_FILE ../src/OLED_Display/ROM.qip
set_global_assignment -name SOURCE_FILE ../src/OLED_Display/ROM.cmp
set_global_assignment -name QIP_FILE ../src/OLED_Display/PLL.qip
set_global_assignment -name VERILOG_FILE ../src/OLED_Display/oled_control_module.v
set_global_assignment -name VERILOG_FILE ../src/OLED_Display/oled.v
set_global_assignment -name VERILOG_FILE ../src/OLED_Display/initial_control.v
set_global_assignment -name VERILOG_FILE ../src/OLED_Display/init_module.v
set_global_assignment -name VERILOG_FILE ../src/spi/spi_write.v
set_global_assignment -name TCL_SCRIPT_FILE ../tcl/PIN_ASSIGN.tcl
set_global_assignment -name CDF_FILE ../out/Chain1.cdf
set_instance_assignment -name PARTITION_HIERARCHY root_partition -to | -section_id Top